
Microsoft Visual Studio Solution File, Format Version 12.00
# Visual Studio Version 16
VisualStudioVersion = 16.0.33027.164
MinimumVisualStudioVersion = 10.0.40219.1
Project("{FAE04EC0-301F-11D3-BF4B-00C04F79EFBC}") = "StoryBookMuse", "StoryBookMuse.csproj", "{B770BADF-8042-4BE5-AB1B-D733E810176E}"
EndProject
Global
	GlobalSection(SolutionConfigurationPlatforms) = preSolution
		Debug|Any CPU = Debug|Any CPU
		Release|Any CPU = Release|Any CPU
	EndGlobalSection
	GlobalSection(ProjectConfigurationPlatforms) = postSolution
		{B770BADF-8042-4BE5-AB1B-D733E810176E}.Debug|Any CPU.ActiveCfg = Debug|Any CPU
		{B770BADF-8042-4BE5-AB1B-D733E810176E}.Debug|Any CPU.Build.0 = Debug|Any CPU
		{B770BADF-8042-4BE5-AB1B-D733E810176E}.Release|Any CPU.ActiveCfg = Release|Any CPU
		{B770BADF-8042-4BE5-AB1B-D733E810176E}.Release|Any CPU.Build.0 = Release|Any CPU
	EndGlobalSection
	GlobalSection(SolutionProperties) = preSolution
		HideSolutionNode = FALSE
	EndGlobalSection
	GlobalSection(ExtensibilityGlobals) = postSolution
		SolutionGuid = {A861BBBA-2D55-4513-AAD4-9FEC5321FD32}
	EndGlobalSection
EndGlobal
